
Microsoft Visual Studio Solution File, Format Version 12.00
# Visual Studio Version 17
VisualStudioVersion = 17.3.32825.248
MinimumVisualStudioVersion = 10.0.40219.1
Project("{FAE04EC0-301F-11D3-BF4B-00C04F79EFBC}") = "WebinarWave", "WebinarWave\WebinarWave.csproj", "{3DB3BE89-6609-4BD1-8829-B2EA75286EB2}"
EndProject
Global
	GlobalSection(SolutionConfigurationPlatforms) = preSolution
		Debug|Any CPU = Debug|Any CPU
		Release|Any CPU = Release|Any CPU
	EndGlobalSection
	GlobalSection(ProjectConfigurationPlatforms) = postSolution
		{3DB3BE89-6609-4BD1-8829-B2EA75286EB2}.Debug|Any CPU.ActiveCfg = Debug|Any CPU
		{3DB3BE89-6609-4BD1-8829-B2EA75286EB2}.Debug|Any CPU.Build.0 = Debug|Any CPU
		{3DB3BE89-6609-4BD1-8829-B2EA75286EB2}.Release|Any CPU.ActiveCfg = Release|Any CPU
		{3DB3BE89-6609-4BD1-8829-B2EA75286EB2}.Release|Any CPU.Build.0 = Release|Any CPU
	EndGlobalSection
	GlobalSection(SolutionProperties) = preSolution
		HideSolutionNode = FALSE
	EndGlobalSection
	GlobalSection(ExtensibilityGlobals) = postSolution
		SolutionGuid = {750F1B68-B154-4138-9950-BF7F172F74ED}
	EndGlobalSection
EndGlobal
